
Microsoft Visual Studio Solution File, Format Version 12.00
Project("{FAE04EC0-301F-11D3-BF4B-00C04F79EFBC}") = "APBDzad2", "APBDzad2.csproj", "{19DCB76D-E2E0-4D8D-AD76-6C9E6B700CF1}"
EndProject
Global
	GlobalSection(SolutionConfigurationPlatforms) = preSolution
		Debug|Any CPU = Debug|Any CPU
		Release|Any CPU = Release|Any CPU
	EndGlobalSection
	GlobalSection(ProjectConfigurationPlatforms) = postSolution
		{19DCB76D-E2E0-4D8D-AD76-6C9E6B700CF1}.Debug|Any CPU.ActiveCfg = Debug|Any CPU
		{19DCB76D-E2E0-4D8D-AD76-6C9E6B700CF1}.Debug|Any CPU.Build.0 = Debug|Any CPU
		{19DCB76D-E2E0-4D8D-AD76-6C9E6B700CF1}.Release|Any CPU.ActiveCfg = Release|Any CPU
		{19DCB76D-E2E0-4D8D-AD76-6C9E6B700CF1}.Release|Any CPU.Build.0 = Release|Any CPU
	EndGlobalSection
EndGlobal
